// !$*UTF8*$!
{
	archiveVersion = 1;
	classes = {
	};
	objectVersion = 51;
	objects = {

/* Begin PBXBuildFile section */
		BE04C92525109DD60030CA49 /* AppDelegate.swift in Sources */ = {isa = PBXBuildFile; fileRef = BE04C92425109DD60030CA49 /* AppDelegate.swift */; };
		BE04C92725109DD60030CA49 /* SceneDelegate.swift in Sources */ = {isa = PBXBuildFile; fileRef = BE04C92625109DD60030CA49 /* SceneDelegate.swift */; };
		BE04C92925109DD60030CA49 /* ContentView.swift in Sources */ = {isa = PBXBuildFile; fileRef = BE04C92825109DD60030CA49 /* ContentView.swift */; };
		BE04C92B25109DD70030CA49 /* Assets.xcassets in Resources */ = {isa = PBXBuildFile; fileRef = BE04C92A25109DD70030CA49 /* Assets.xcassets */; };
		BE04C92E25109DD70030CA49 /* Preview Assets.xcassets in Resources */ = {isa = PBXBuildFile; fileRef = BE04C92D25109DD70030CA49 /* Preview Assets.xcassets */; };
		BE04C93125109DD70030CA49 /* LaunchScreen.storyboard in Resources */ = {isa = PBXBuildFile; fileRef = BE04C92F25109DD70030CA49 /* LaunchScreen.storyboard */; };
		BE04C93B2510A2C30030CA49 /* HomeView.swift in Sources */ = {isa = PBXBuildFile; fileRef = BE04C93A2510A2C30030CA49 /* HomeView.swift */; };
		BE04C9402511EC940030CA49 /* Dog.swift in Sources */ = {isa = PBXBuildFile; fileRef = BE04C93F2511EC940030CA49 /* Dog.swift */; };
		BE04C9422511F23E0030CA49 /* CardView.swift in Sources */ = {isa = PBXBuildFile; fileRef = BE04C9412511F23E0030CA49 /* CardView.swift */; };
		BE04C9442513A2650030CA49 /* AddView.swift in Sources */ = {isa = PBXBuildFile; fileRef = BE04C9432513A2650030CA49 /* AddView.swift */; };
		BE04C9462514E1050030CA49 /* CheckmarkToggleStyle.swift in Sources */ = {isa = PBXBuildFile; fileRef = BE04C9452514E1050030CA49 /* CheckmarkToggleStyle.swift */; };
		BE070D1925349A67004F0E8B /* ProfileSettingsView.swift in Sources */ = {isa = PBXBuildFile; fileRef = BE070D1825349A67004F0E8B /* ProfileSettingsView.swift */; };
		BE070D1C2535B31F004F0E8B /* User.swift in Sources */ = {isa = PBXBuildFile; fileRef = BE070D1B2535B31F004F0E8B /* User.swift */; };
		BE070D1F2535CD5D004F0E8B /* Shelter.swift in Sources */ = {isa = PBXBuildFile; fileRef = BE070D1E2535CD5D004F0E8B /* Shelter.swift */; };
		BE20B223254C6FBB002F9A44 /* ImageStorage.swift in Sources */ = {isa = PBXBuildFile; fileRef = BE20B222254C6FBB002F9A44 /* ImageStorage.swift */; };
		BE484CAC2515E2EC0002BE24 /* GoogleService-Info.plist in Resources */ = {isa = PBXBuildFile; fileRef = BE484CAB2515E2EC0002BE24 /* GoogleService-Info.plist */; };
		BE70659A255C57B100808140 /* ProfileViewModel.swift in Sources */ = {isa = PBXBuildFile; fileRef = BE706599255C57B100808140 /* ProfileViewModel.swift */; };
		BE7C701F252CB8DC00EB77DC /* ProfileCardView.swift in Sources */ = {isa = PBXBuildFile; fileRef = BE7C701E252CB8DC00EB77DC /* ProfileCardView.swift */; };
		BE7C7022252E0A0300EB77DC /* MyColors.swift in Sources */ = {isa = PBXBuildFile; fileRef = BE7C7021252E0A0300EB77DC /* MyColors.swift */; };
		BEE0D08F251619E700713405 /* AddViewModel.swift in Sources */ = {isa = PBXBuildFile; fileRef = BEE0D08E251619E700713405 /* AddViewModel.swift */; };
		BEE0D093251747C500713405 /* CustomTapBar.swift in Sources */ = {isa = PBXBuildFile; fileRef = BEE0D092251747C500713405 /* CustomTapBar.swift */; };
		BEE0D0962518806800713405 /* LoginView.swift in Sources */ = {isa = PBXBuildFile; fileRef = BEE0D0952518806800713405 /* LoginView.swift */; };
		BEE0D0D9251915EA00713405 /* RegisterView.swift in Sources */ = {isa = PBXBuildFile; fileRef = BEE0D0D8251915EA00713405 /* RegisterView.swift */; };
		BEE0D0DC2519163700713405 /* ErrorView.swift in Sources */ = {isa = PBXBuildFile; fileRef = BEE0D0DB2519163700713405 /* ErrorView.swift */; };
		BEE0D0E025191B3B00713405 /* ProfileView.swift in Sources */ = {isa = PBXBuildFile; fileRef = BEE0D0DF25191B3B00713405 /* ProfileView.swift */; };
		BEE0D0E5251B644600713405 /* ViewRouter.swift in Sources */ = {isa = PBXBuildFile; fileRef = BEE0D0E4251B644600713405 /* ViewRouter.swift */; };
		BEE0D0E8251B969D00713405 /* UserAuth.swift in Sources */ = {isa = PBXBuildFile; fileRef = BEE0D0E7251B969D00713405 /* UserAuth.swift */; };
		FDEA50B75E24357C265BB7C6 /* Pods_DoggoHome.framework in Frameworks */ = {isa = PBXBuildFile; fileRef = 1F9490A9EB9C7C4E94295095 /* Pods_DoggoHome.framework */; };
/* End PBXBuildFile section */

/* Begin PBXFileReference section */
		1F9490A9EB9C7C4E94295095 /* Pods_DoggoHome.framework */ = {isa = PBXFileReference; explicitFileType = wrapper.framework; includeInIndex = 0; path = Pods_DoggoHome.framework; sourceTree = BUILT_PRODUCTS_DIR; };
		6BDAFF371EB708ECC9999996 /* Pods-DoggoHome.release.xcconfig */ = {isa = PBXFileReference; includeInIndex = 1; lastKnownFileType = text.xcconfig; name = "Pods-DoggoHome.release.xcconfig"; path = "Target Support Files/Pods-DoggoHome/Pods-DoggoHome.release.xcconfig"; sourceTree = "<group>"; };
		BE04C92125109DD60030CA49 /* DoggoHome.app */ = {isa = PBXFileReference; explicitFileType = wrapper.application; includeInIndex = 0; path = DoggoHome.app; sourceTree = BUILT_PRODUCTS_DIR; };
		BE04C92425109DD60030CA49 /* AppDelegate.swift */ = {isa = PBXFileReference; lastKnownFileType = sourcecode.swift; path = AppDelegate.swift; sourceTree = "<group>"; };
		BE04C92625109DD60030CA49 /* SceneDelegate.swift */ = {isa = PBXFileReference; lastKnownFileType = sourcecode.swift; path = SceneDelegate.swift; sourceTree = "<group>"; };
		BE04C92825109DD60030CA49 /* ContentView.swift */ = {isa = PBXFileReference; lastKnownFileType = sourcecode.swift; path = ContentView.swift; sourceTree = "<group>"; };
		BE04C92A25109DD70030CA49 /* Assets.xcassets */ = {isa = PBXFileReference; lastKnownFileType = folder.assetcatalog; path = Assets.xcassets; sourceTree = "<group>"; };
		BE04C92D25109DD70030CA49 /* Preview Assets.xcassets */ = {isa = PBXFileReference; lastKnownFileType = folder.assetcatalog; path = "Preview Assets.xcassets"; sourceTree = "<group>"; };
		BE04C93025109DD70030CA49 /* Base */ = {isa = PBXFileReference; lastKnownFileType = file.storyboard; name = Base; path = Base.lproj/LaunchScreen.storyboard; sourceTree = "<group>"; };
		BE04C93225109DD70030CA49 /* Info.plist */ = {isa = PBXFileReference; lastKnownFileType = text.plist.xml; path = Info.plist; sourceTree = "<group>"; };
		BE04C93A2510A2C30030CA49 /* HomeView.swift */ = {isa = PBXFileReference; lastKnownFileType = sourcecode.swift; path = HomeView.swift; sourceTree = "<group>"; };
		BE04C93F2511EC940030CA49 /* Dog.swift */ = {isa = PBXFileReference; lastKnownFileType = sourcecode.swift; path = Dog.swift; sourceTree = "<group>"; };
		BE04C9412511F23E0030CA49 /* CardView.swift */ = {isa = PBXFileReference; lastKnownFileType = sourcecode.swift; path = CardView.swift; sourceTree = "<group>"; };
		BE04C9432513A2650030CA49 /* AddView.swift */ = {isa = PBXFileReference; lastKnownFileType = sourcecode.swift; path = AddView.swift; sourceTree = "<group>"; };
		BE04C9452514E1050030CA49 /* CheckmarkToggleStyle.swift */ = {isa = PBXFileReference; lastKnownFileType = sourcecode.swift; path = CheckmarkToggleStyle.swift; sourceTree = "<group>"; };
		BE070D1825349A67004F0E8B /* ProfileSettingsView.swift */ = {isa = PBXFileReference; lastKnownFileType = sourcecode.swift; path = ProfileSettingsView.swift; sourceTree = "<group>"; };
		BE070D1B2535B31F004F0E8B /* User.swift */ = {isa = PBXFileReference; lastKnownFileType = sourcecode.swift; path = User.swift; sourceTree = "<group>"; };
		BE070D1E2535CD5D004F0E8B /* Shelter.swift */ = {isa = PBXFileReference; lastKnownFileType = sourcecode.swift; path = Shelter.swift; sourceTree = "<group>"; };
		BE20B222254C6FBB002F9A44 /* ImageStorage.swift */ = {isa = PBXFileReference; lastKnownFileType = sourcecode.swift; path = ImageStorage.swift; sourceTree = "<group>"; };
		BE484CAB2515E2EC0002BE24 /* GoogleService-Info.plist */ = {isa = PBXFileReference; fileEncoding = 4; lastKnownFileType = text.plist.xml; path = "GoogleService-Info.plist"; sourceTree = "<group>"; };
		BE706599255C57B100808140 /* ProfileViewModel.swift */ = {isa = PBXFileReference; lastKnownFileType = sourcecode.swift; path = ProfileViewModel.swift; sourceTree = "<group>"; };
		BE7C701E252CB8DC00EB77DC /* ProfileCardView.swift */ = {isa = PBXFileReference; lastKnownFileType = sourcecode.swift; path = ProfileCardView.swift; sourceTree = "<group>"; };
		BE7C7021252E0A0300EB77DC /* MyColors.swift */ = {isa = PBXFileReference; lastKnownFileType = sourcecode.swift; path = MyColors.swift; sourceTree = "<group>"; };
		BEE0D08E251619E700713405 /* AddViewModel.swift */ = {isa = PBXFileReference; lastKnownFileType = sourcecode.swift; path = AddViewModel.swift; sourceTree = "<group>"; };
		BEE0D092251747C500713405 /* CustomTapBar.swift */ = {isa = PBXFileReference; lastKnownFileType = sourcecode.swift; path = CustomTapBar.swift; sourceTree = "<group>"; };
		BEE0D0952518806800713405 /* LoginView.swift */ = {isa = PBXFileReference; lastKnownFileType = sourcecode.swift; path = LoginView.swift; sourceTree = "<group>"; };
		BEE0D0D8251915EA00713405 /* RegisterView.swift */ = {isa = PBXFileReference; lastKnownFileType = sourcecode.swift; path = RegisterView.swift; sourceTree = "<group>"; };
		BEE0D0DB2519163700713405 /* ErrorView.swift */ = {isa = PBXFileReference; lastKnownFileType = sourcecode.swift; path = ErrorView.swift; sourceTree = "<group>"; };
		BEE0D0DF25191B3B00713405 /* ProfileView.swift */ = {isa = PBXFileReference; lastKnownFileType = sourcecode.swift; path = ProfileView.swift; sourceTree = "<group>"; };
		BEE0D0E4251B644600713405 /* ViewRouter.swift */ = {isa = PBXFileReference; lastKnownFileType = sourcecode.swift; path = ViewRouter.swift; sourceTree = "<group>"; };
		BEE0D0E7251B969D00713405 /* UserAuth.swift */ = {isa = PBXFileReference; lastKnownFileType = sourcecode.swift; path = UserAuth.swift; sourceTree = "<group>"; };
		FE63D46E645ACF5120C52C95 /* Pods-DoggoHome.debug.xcconfig */ = {isa = PBXFileReference; includeInIndex = 1; lastKnownFileType = text.xcconfig; name = "Pods-DoggoHome.debug.xcconfig"; path = "Target Support Files/Pods-DoggoHome/Pods-DoggoHome.debug.xcconfig"; sourceTree = "<group>"; };
/* End PBXFileReference section */

/* Begin PBXFrameworksBuildPhase section */
		BE04C91E25109DD60030CA49 /* Frameworks */ = {
			isa = PBXFrameworksBuildPhase;
			buildActionMask = 2147483647;
			files = (
				FDEA50B75E24357C265BB7C6 /* Pods_DoggoHome.framework in Frameworks */,
			);
			runOnlyForDeploymentPostprocessing = 0;
		};
/* End PBXFrameworksBuildPhase section */

/* Begin PBXGroup section */
		6A09E6155EBFD8D2CF388AE4 /* Frameworks */ = {
			isa = PBXGroup;
			children = (
				1F9490A9EB9C7C4E94295095 /* Pods_DoggoHome.framework */,
			);
			name = Frameworks;
			sourceTree = "<group>";
		};
		772245F2452A5096A72F9D87 /* Pods */ = {
			isa = PBXGroup;
			children = (
				FE63D46E645ACF5120C52C95 /* Pods-DoggoHome.debug.xcconfig */,
				6BDAFF371EB708ECC9999996 /* Pods-DoggoHome.release.xcconfig */,
			);
			path = Pods;
			sourceTree = "<group>";
		};
		BE04C91825109DD60030CA49 = {
			isa = PBXGroup;
			children = (
				BE15505D258BB4D800BBC43D /* Screenshots */,
				BE04C92325109DD60030CA49 /* DoggoHome */,
				BE04C92225109DD60030CA49 /* Products */,
				772245F2452A5096A72F9D87 /* Pods */,
				6A09E6155EBFD8D2CF388AE4 /* Frameworks */,
			);
			sourceTree = "<group>";
		};
		BE04C92225109DD60030CA49 /* Products */ = {
			isa = PBXGroup;
			children = (
				BE04C92125109DD60030CA49 /* DoggoHome.app */,
			);
			name = Products;
			sourceTree = "<group>";
		};
		BE04C92325109DD60030CA49 /* DoggoHome */ = {
			isa = PBXGroup;
			children = (
				BE04C93C2511EBEB0030CA49 /* Models */,
				BE04C9392510A2B50030CA49 /* Views */,
				BEE0D08D251619CE00713405 /* ViewModels */,
				BEE0D0E2251B499B00713405 /* Helpers */,
				BE04C92425109DD60030CA49 /* AppDelegate.swift */,
				BE04C92625109DD60030CA49 /* SceneDelegate.swift */,
				BE04C92825109DD60030CA49 /* ContentView.swift */,
				BE04C92A25109DD70030CA49 /* Assets.xcassets */,
				BE04C92F25109DD70030CA49 /* LaunchScreen.storyboard */,
				BE04C93225109DD70030CA49 /* Info.plist */,
				BE484CAB2515E2EC0002BE24 /* GoogleService-Info.plist */,
				BE04C92C25109DD70030CA49 /* Preview Content */,
			);
			path = DoggoHome;
			sourceTree = "<group>";
		};
		BE04C92C25109DD70030CA49 /* Preview Content */ = {
			isa = PBXGroup;
			children = (
				BE04C92D25109DD70030CA49 /* Preview Assets.xcassets */,
			);
			path = "Preview Content";
			sourceTree = "<group>";
		};
		BE04C9392510A2B50030CA49 /* Views */ = {
			isa = PBXGroup;
			children = (
				BE04C93A2510A2C30030CA49 /* HomeView.swift */,
				BE04C9412511F23E0030CA49 /* CardView.swift */,
				BE04C9432513A2650030CA49 /* AddView.swift */,
				BEE0D0952518806800713405 /* LoginView.swift */,
				BEE0D0D8251915EA00713405 /* RegisterView.swift */,
				BEE0D0DB2519163700713405 /* ErrorView.swift */,
				BEE0D0DF25191B3B00713405 /* ProfileView.swift */,
				BE7C701E252CB8DC00EB77DC /* ProfileCardView.swift */,
				BE070D1825349A67004F0E8B /* ProfileSettingsView.swift */,
			);
			path = Views;
			sourceTree = "<group>";
		};
		BE04C93C2511EBEB0030CA49 /* Models */ = {
			isa = PBXGroup;
			children = (
				BE04C93F2511EC940030CA49 /* Dog.swift */,
				BE070D1B2535B31F004F0E8B /* User.swift */,
				BE070D1E2535CD5D004F0E8B /* Shelter.swift */,
			);
			path = Models;
			sourceTree = "<group>";
		};
		BE15505D258BB4D800BBC43D /* Screenshots */ = {
			isa = PBXGroup;
			children = (
			);
			path = Screenshots;
			sourceTree = "<group>";
		};
		BEE0D08D251619CE00713405 /* ViewModels */ = {
			isa = PBXGroup;
			children = (
				BEE0D08E251619E700713405 /* AddViewModel.swift */,
				BE20B222254C6FBB002F9A44 /* ImageStorage.swift */,
				BE706599255C57B100808140 /* ProfileViewModel.swift */,
			);
			path = ViewModels;
			sourceTree = "<group>";
		};
		BEE0D0E2251B499B00713405 /* Helpers */ = {
			isa = PBXGroup;
			children = (
				BEE0D092251747C500713405 /* CustomTapBar.swift */,
				BE04C9452514E1050030CA49 /* CheckmarkToggleStyle.swift */,
				BEE0D0E4251B644600713405 /* ViewRouter.swift */,
				BEE0D0E7251B969D00713405 /* UserAuth.swift */,
				BE7C7021252E0A0300EB77DC /* MyColors.swift */,
			);
			path = Helpers;
			sourceTree = "<group>";
		};
/* End PBXGroup section */

/* Begin PBXNativeTarget section */
		BE04C92025109DD60030CA49 /* DoggoHome */ = {
			isa = PBXNativeTarget;
			buildConfigurationList = BE04C93525109DD70030CA49 /* Build configuration list for PBXNativeTarget "DoggoHome" */;
			buildPhases = (
				345D5E873C326E3E6853B31B /* [CP] Check Pods Manifest.lock */,
				BE04C91D25109DD60030CA49 /* Sources */,
				BE04C91E25109DD60030CA49 /* Frameworks */,
				BE04C91F25109DD60030CA49 /* Resources */,
				4E9991A97AEA82293301325B /* [CP] Embed Pods Frameworks */,
			);
			buildRules = (
			);
			dependencies = (
			);
			name = DoggoHome;
			productName = DoggoHome;
			productReference = BE04C92125109DD60030CA49 /* DoggoHome.app */;
			productType = "com.apple.product-type.application";
		};
/* End PBXNativeTarget section */

/* Begin PBXProject section */
		BE04C91925109DD60030CA49 /* Project object */ = {
			isa = PBXProject;
			attributes = {
				LastSwiftUpdateCheck = 1170;
				LastUpgradeCheck = 1200;
				ORGANIZATIONNAME = "Julien Segers";
				TargetAttributes = {
					BE04C92025109DD60030CA49 = {
						CreatedOnToolsVersion = 11.7;
					};
				};
			};
			buildConfigurationList = BE04C91C25109DD60030CA49 /* Build configuration list for PBXProject "DoggoHome" */;
			compatibilityVersion = "Xcode 9.3";
			developmentRegion = en;
			hasScannedForEncodings = 0;
			knownRegions = (
				en,
				Base,
			);
			mainGroup = BE04C91825109DD60030CA49;
			productRefGroup = BE04C92225109DD60030CA49 /* Products */;
			projectDirPath = "";
			projectRoot = "";
			targets = (
				BE04C92025109DD60030CA49 /* DoggoHome */,
			);
		};
/* End PBXProject section */

/* Begin PBXResourcesBuildPhase section */
		BE04C91F25109DD60030CA49 /* Resources */ = {
			isa = PBXResourcesBuildPhase;
			buildActionMask = 2147483647;
			files = (
				BE04C93125109DD70030CA49 /* LaunchScreen.storyboard in Resources */,
				BE04C92E25109DD70030CA49 /* Preview Assets.xcassets in Resources */,
				BE04C92B25109DD70030CA49 /* Assets.xcassets in Resources */,
				BE484CAC2515E2EC0002BE24 /* GoogleService-Info.plist in Resources */,
			);
			runOnlyForDeploymentPostprocessing = 0;
		};
/* End PBXResourcesBuildPhase section */

/* Begin PBXShellScriptBuildPhase section */
		345D5E873C326E3E6853B31B /* [CP] Check Pods Manifest.lock */ = {
			isa = PBXShellScriptBuildPhase;
			buildActionMask = 2147483647;
			files = (
			);
			inputFileListPaths = (
			);
			inputPaths = (
				"${PODS_PODFILE_DIR_PATH}/Podfile.lock",
				"${PODS_ROOT}/Manifest.lock",
			);
			name = "[CP] Check Pods Manifest.lock";
			outputFileListPaths = (
			);
			outputPaths = (
				"$(DERIVED_FILE_DIR)/Pods-DoggoHome-checkManifestLockResult.txt",
			);
			runOnlyForDeploymentPostprocessing = 0;
			shellPath = /bin/sh;
			shellScript = "diff \"${PODS_PODFILE_DIR_PATH}/Podfile.lock\" \"${PODS_ROOT}/Manifest.lock\" > /dev/null\nif [ $? != 0 ] ; then\n    # print error to STDERR\n    echo \"error: The sandbox is not in sync with the Podfile.lock. Run 'pod install' or update your CocoaPods installation.\" >&2\n    exit 1\nfi\n# This output is used by Xcode 'outputs' to avoid re-running this script phase.\necho \"SUCCESS\" > \"${SCRIPT_OUTPUT_FILE_0}\"\n";
			showEnvVarsInLog = 0;
		};
		4E9991A97AEA82293301325B /* [CP] Embed Pods Frameworks */ = {
			isa = PBXShellScriptBuildPhase;
			buildActionMask = 2147483647;
			files = (
			);
			inputFileListPaths = (
				"${PODS_ROOT}/Target Support Files/Pods-DoggoHome/Pods-DoggoHome-frameworks-${CONFIGURATION}-input-files.xcfilelist",
			);
			name = "[CP] Embed Pods Frameworks";
			outputFileListPaths = (
				"${PODS_ROOT}/Target Support Files/Pods-DoggoHome/Pods-DoggoHome-frameworks-${CONFIGURATION}-output-files.xcfilelist",
			);
			runOnlyForDeploymentPostprocessing = 0;
			shellPath = /bin/sh;
			shellScript = "\"${PODS_ROOT}/Target Support Files/Pods-DoggoHome/Pods-DoggoHome-frameworks.sh\"\n";
			showEnvVarsInLog = 0;
		};
/* End PBXShellScriptBuildPhase section */

/* Begin PBXSourcesBuildPhase section */
		BE04C91D25109DD60030CA49 /* Sources */ = {
			isa = PBXSourcesBuildPhase;
			buildActionMask = 2147483647;
			files = (
				BEE0D0E5251B644600713405 /* ViewRouter.swift in Sources */,
				BE070D1F2535CD5D004F0E8B /* Shelter.swift in Sources */,
				BE7C7022252E0A0300EB77DC /* MyColors.swift in Sources */,
				BE04C9442513A2650030CA49 /* AddView.swift in Sources */,
				BE04C9462514E1050030CA49 /* CheckmarkToggleStyle.swift in Sources */,
				BE070D1925349A67004F0E8B /* ProfileSettingsView.swift in Sources */,
				BE04C92525109DD60030CA49 /* AppDelegate.swift in Sources */,
				BE04C93B2510A2C30030CA49 /* HomeView.swift in Sources */,
				BE04C92725109DD60030CA49 /* SceneDelegate.swift in Sources */,
				BE070D1C2535B31F004F0E8B /* User.swift in Sources */,
				BE04C9402511EC940030CA49 /* Dog.swift in Sources */,
				BEE0D08F251619E700713405 /* AddViewModel.swift in Sources */,
				BE04C9422511F23E0030CA49 /* CardView.swift in Sources */,
				BEE0D0962518806800713405 /* LoginView.swift in Sources */,
				BEE0D0E8251B969D00713405 /* UserAuth.swift in Sources */,
				BE70659A255C57B100808140 /* ProfileViewModel.swift in Sources */,
				BE20B223254C6FBB002F9A44 /* ImageStorage.swift in Sources */,
				BEE0D0DC2519163700713405 /* ErrorView.swift in Sources */,
				BEE0D0D9251915EA00713405 /* RegisterView.swift in Sources */,
				BE7C701F252CB8DC00EB77DC /* ProfileCardView.swift in Sources */,
				BEE0D093251747C500713405 /* CustomTapBar.swift in Sources */,
				BEE0D0E025191B3B00713405 /* ProfileView.swift in Sources */,
				BE04C92925109DD60030CA49 /* ContentView.swift in Sources */,
			);
			runOnlyForDeploymentPostprocessing = 0;
		};
/* End PBXSourcesBuildPhase section */

/* Begin PBXVariantGroup section */
		BE04C92F25109DD70030CA49 /* LaunchScreen.storyboard */ = {
			isa = PBXVariantGroup;
			children = (
				BE04C93025109DD70030CA49 /* Base */,
			);
			name = LaunchScreen.storyboard;
			sourceTree = "<group>";
		};
/* End PBXVariantGroup section */

/* Begin XCBuildConfiguration section */
		BE04C93325109DD70030CA49 /* Debug */ = {
			isa = XCBuildConfiguration;
			buildSettings = {
				ALWAYS_SEARCH_USER_PATHS = NO;
				CLANG_ANALYZER_NONNULL = YES;
				CLANG_ANALYZER_NUMBER_OBJECT_CONVERSION = YES_AGGRESSIVE;
				CLANG_CXX_LANGUAGE_STANDARD = "gnu++14";
				CLANG_CXX_LIBRARY = "libc++";
				CLANG_ENABLE_MODULES = YES;
				CLANG_ENABLE_OBJC_ARC = YES;
				CLANG_ENABLE_OBJC_WEAK = YES;
				CLANG_WARN_BLOCK_CAPTURE_AUTORELEASING = YES;
				CLANG_WARN_BOOL_CONVERSION = YES;
				CLANG_WARN_COMMA = YES;
				CLANG_WARN_CONSTANT_CONVERSION = YES;
				CLANG_WARN_DEPRECATED_OBJC_IMPLEMENTATIONS = YES;
				CLANG_WARN_DIRECT_OBJC_ISA_USAGE = YES_ERROR;
				CLANG_WARN_DOCUMENTATION_COMMENTS = YES;
				CLANG_WARN_EMPTY_BODY = YES;
				CLANG_WARN_ENUM_CONVERSION = YES;
				CLANG_WARN_INFINITE_RECURSION = YES;
				CLANG_WARN_INT_CONVERSION = YES;
				CLANG_WARN_NON_LITERAL_NULL_CONVERSION = YES;
				CLANG_WARN_OBJC_IMPLICIT_RETAIN_SELF = YES;
				CLANG_WARN_OBJC_LITERAL_CONVERSION = YES;
				CLANG_WARN_OBJC_ROOT_CLASS = YES_ERROR;
				CLANG_WARN_QUOTED_INCLUDE_IN_FRAMEWORK_HEADER = YES;
				CLANG_WARN_RANGE_LOOP_ANALYSIS = YES;
				CLANG_WARN_STRICT_PROTOTYPES = YES;
				CLANG_WARN_SUSPICIOUS_MOVE = YES;
				CLANG_WARN_UNGUARDED_AVAILABILITY = YES_AGGRESSIVE;
				CLANG_WARN_UNREACHABLE_CODE = YES;
				CLANG_WARN__DUPLICATE_METHOD_MATCH = YES;
				COPY_PHASE_STRIP = NO;
				DEBUG_INFORMATION_FORMAT = dwarf;
				ENABLE_STRICT_OBJC_MSGSEND = YES;
				ENABLE_TESTABILITY = YES;
				GCC_C_LANGUAGE_STANDARD = gnu11;
				GCC_DYNAMIC_NO_PIC = NO;
				GCC_NO_COMMON_BLOCKS = NO;
				GCC_OPTIMIZATION_LEVEL = 0;
				GCC_PREPROCESSOR_DEFINITIONS = (
					"DEBUG=1",
					"$(inherited)",
				);
				GCC_WARN_64_TO_32_BIT_CONVERSION = YES;
				GCC_WARN_ABOUT_RETURN_TYPE = YES_ERROR;
				GCC_WARN_UNDECLARED_SELECTOR = YES;
				GCC_WARN_UNINITIALIZED_AUTOS = YES_AGGRESSIVE;
				GCC_WARN_UNUSED_FUNCTION = YES;
				GCC_WARN_UNUSED_VARIABLE = YES;
				IPHONEOS_DEPLOYMENT_TARGET = 13.0;
				MTL_ENABLE_DEBUG_INFO = INCLUDE_SOURCE;
				MTL_FAST_MATH = YES;
				ONLY_ACTIVE_ARCH = YES;
				SDKROOT = iphoneos;
				SUPPORTED_PLATFORMS = "iphonesimulator iphoneos";
				SWIFT_ACTIVE_COMPILATION_CONDITIONS = DEBUG;
				SWIFT_OPTIMIZATION_LEVEL = "-Onone";
			};
			name = Debug;
		};
		BE04C93425109DD70030CA49 /* Release */ = {
			isa = XCBuildConfiguration;
			buildSettings = {
				ALWAYS_SEARCH_USER_PATHS = NO;
				CLANG_ANALYZER_NONNULL = YES;
				CLANG_ANALYZER_NUMBER_OBJECT_CONVERSION = YES_AGGRESSIVE;
				CLANG_CXX_LANGUAGE_STANDARD = "gnu++14";
				CLANG_CXX_LIBRARY = "libc++";
				CLANG_ENABLE_MODULES = YES;
				CLANG_ENABLE_OBJC_ARC = YES;
				CLANG_ENABLE_OBJC_WEAK = YES;
				CLANG_WARN_BLOCK_CAPTURE_AUTORELEASING = YES;
				CLANG_WARN_BOOL_CONVERSION = YES;
				CLANG_WARN_COMMA = YES;
				CLANG_WARN_CONSTANT_CONVERSION = YES;
				CLANG_WARN_DEPRECATED_OBJC_IMPLEMENTATIONS = YES;
				CLANG_WARN_DIRECT_OBJC_ISA_USAGE = YES_ERROR;
				CLANG_WARN_DOCUMENTATION_COMMENTS = YES;
				CLANG_WARN_EMPTY_BODY = YES;
				CLANG_WARN_ENUM_CONVERSION = YES;
				CLANG_WARN_INFINITE_RECURSION = YES;
				CLANG_WARN_INT_CONVERSION = YES;
				CLANG_WARN_NON_LITERAL_NULL_CONVERSION = YES;
				CLANG_WARN_OBJC_IMPLICIT_RETAIN_SELF = YES;
				CLANG_WARN_OBJC_LITERAL_CONVERSION = YES;
				CLANG_WARN_OBJC_ROOT_CLASS = YES_ERROR;
				CLANG_WARN_QUOTED_INCLUDE_IN_FRAMEWORK_HEADER = YES;
				CLANG_WARN_RANGE_LOOP_ANALYSIS = YES;
				CLANG_WARN_STRICT_PROTOTYPES = YES;
				CLANG_WARN_SUSPICIOUS_MOVE = YES;
				CLANG_WARN_UNGUARDED_AVAILABILITY = YES_AGGRESSIVE;
				CLANG_WARN_UNREACHABLE_CODE = YES;
				CLANG_WARN__DUPLICATE_METHOD_MATCH = YES;
				COPY_PHASE_STRIP = NO;
				DEBUG_INFORMATION_FORMAT = "dwarf-with-dsym";
				ENABLE_NS_ASSERTIONS = NO;
				ENABLE_STRICT_OBJC_MSGSEND = YES;
				GCC_C_LANGUAGE_STANDARD = gnu11;
				GCC_NO_COMMON_BLOCKS = NO;
				GCC_WARN_64_TO_32_BIT_CONVERSION = YES;
				GCC_WARN_ABOUT_RETURN_TYPE = YES_ERROR;
				GCC_WARN_UNDECLARED_SELECTOR = YES;
				GCC_WARN_UNINITIALIZED_AUTOS = YES_AGGRESSIVE;
				GCC_WARN_UNUSED_FUNCTION = YES;
				GCC_WARN_UNUSED_VARIABLE = YES;
				IPHONEOS_DEPLOYMENT_TARGET = 13.0;
				MTL_ENABLE_DEBUG_INFO = NO;
				MTL_FAST_MATH = YES;
				SDKROOT = iphoneos;
				SUPPORTED_PLATFORMS = "iphonesimulator iphoneos";
				SWIFT_COMPILATION_MODE = wholemodule;
				SWIFT_OPTIMIZATION_LEVEL = "-O";
				VALIDATE_PRODUCT = YES;
			};
			name = Release;
		};
		BE04C93625109DD70030CA49 /* Debug */ = {
			isa = XCBuildConfiguration;
			baseConfigurationReference = FE63D46E645ACF5120C52C95 /* Pods-DoggoHome.debug.xcconfig */;
			buildSettings = {
				ASSETCATALOG_COMPILER_APPICON_NAME = AppIcon;
				CODE_SIGN_IDENTITY = "Apple Development";
				CODE_SIGN_STYLE = Automatic;
				DEVELOPMENT_ASSET_PATHS = "\"DoggoHome/Preview Content\"";
				DEVELOPMENT_TEAM = 24JFNMT5M2;
				ENABLE_PREVIEWS = YES;
				INFOPLIST_FILE = DoggoHome/Info.plist;
				LD_RUNPATH_SEARCH_PATHS = (
					"$(inherited)",
					"@executable_path/Frameworks",
				);
				MACOSX_DEPLOYMENT_TARGET = 13.0;
				PRODUCT_BUNDLE_IDENTIFIER = com.juliensegers.DoggoHome;
				PRODUCT_NAME = "$(TARGET_NAME)";
				SDKROOT = iphoneos;
				SWIFT_VERSION = 5.0;
				TARGETED_DEVICE_FAMILY = "1,2";
			};
			name = Debug;
		};
		BE04C93725109DD70030CA49 /* Release */ = {
			isa = XCBuildConfiguration;
			baseConfigurationReference = 6BDAFF371EB708ECC9999996 /* Pods-DoggoHome.release.xcconfig */;
			buildSettings = {
				ASSETCATALOG_COMPILER_APPICON_NAME = AppIcon;
				CODE_SIGN_IDENTITY = "Apple Development";
				CODE_SIGN_STYLE = Automatic;
				DEVELOPMENT_ASSET_PATHS = "\"DoggoHome/Preview Content\"";
				DEVELOPMENT_TEAM = 24JFNMT5M2;
				ENABLE_PREVIEWS = YES;
				INFOPLIST_FILE = DoggoHome/Info.plist;
				LD_RUNPATH_SEARCH_PATHS = (
					"$(inherited)",
					"@executable_path/Frameworks",
				);
				MACOSX_DEPLOYMENT_TARGET = 13.0;
				PRODUCT_BUNDLE_IDENTIFIER = com.juliensegers.DoggoHome;
				PRODUCT_NAME = "$(TARGET_NAME)";
				SDKROOT = iphoneos;
				SWIFT_VERSION = 5.0;
				TARGETED_DEVICE_FAMILY = "1,2";
			};
			name = Release;
		};
/* End XCBuildConfiguration section */

/* Begin XCConfigurationList section */
		BE04C91C25109DD60030CA49 /* Build configuration list for PBXProject "DoggoHome" */ = {
			isa = XCConfigurationList;
			buildConfigurations = (
				BE04C93325109DD70030CA49 /* Debug */,
				BE04C93425109DD70030CA49 /* Release */,
			);
			defaultConfigurationIsVisible = 0;
			defaultConfigurationName = Release;
		};
		BE04C93525109DD70030CA49 /* Build configuration list for PBXNativeTarget "DoggoHome" */ = {
			isa = XCConfigurationList;
			buildConfigurations = (
				BE04C93625109DD70030CA49 /* Debug */,
				BE04C93725109DD70030CA49 /* Release */,
			);
			defaultConfigurationIsVisible = 0;
			defaultConfigurationName = Release;
		};
/* End XCConfigurationList section */
	};
	rootObject = BE04C91925109DD60030CA49 /* Project object */;
}
